
Microsoft Visual Studio Solution File, Format Version 12.00
# Visual Studio 15
VisualStudioVersion = 15.0.26124.0
MinimumVisualStudioVersion = 15.0.26124.0
Project("{FAE04EC0-301F-11D3-BF4B-00C04F79EFBC}") = "MediaBrowser.Common", "MediaBrowser.Common\MediaBrowser.Common.csproj", "{1BB5DC31-0BDB-434C-9753-53530ED83C6F}"
EndProject
Project("{FAE04EC0-301F-11D3-BF4B-00C04F79EFBC}") = "MediaBrowser.Model", "MediaBrowser.Model\MediaBrowser.Model.csproj", "{166997F9-0950-417B-B7CA-241B004C2627}"
EndProject
Project("{FAE04EC0-301F-11D3-BF4B-00C04F79EFBC}") = "BDInfo", "BDInfo\BDInfo.csproj", "{B6EC9E10-F9B8-4212-BC26-18D5AC0CF86E}"
EndProject
Project("{FAE04EC0-301F-11D3-BF4B-00C04F79EFBC}") = "DvdLib", "DvdLib\DvdLib.csproj", "{CC977CAB-FAF1-48A5-B978-95CD8CD353A3}"
EndProject
Project("{FAE04EC0-301F-11D3-BF4B-00C04F79EFBC}") = "Emby.Common.Implementations", "Emby.Common.Implementations\Emby.Common.Implementations.csproj", "{0D4533CE-FD51-48E4-AC29-FE6DA3A694FE}"
EndProject
Project("{FAE04EC0-301F-11D3-BF4B-00C04F79EFBC}") = "Emby.Dlna", "Emby.Dlna\Emby.Dlna.csproj", "{12EA407C-32B0-4FD0-8B06-D42746EEF3D9}"
EndProject
Project("{FAE04EC0-301F-11D3-BF4B-00C04F79EFBC}") = "MediaBrowser.Controller", "MediaBrowser.Controller\MediaBrowser.Controller.csproj", "{B0CC1330-F975-453D-89AF-A977954C94C8}"
EndProject
Project("{FAE04EC0-301F-11D3-BF4B-00C04F79EFBC}") = "RSSDP", "RSSDP\RSSDP.csproj", "{42EDC10F-C314-4BBA-85AF-A1B42BB8EEBA}"
EndProject
Project("{FAE04EC0-301F-11D3-BF4B-00C04F79EFBC}") = "Emby.Drawing", "Emby.Drawing\Emby.Drawing.csproj", "{6189C21A-434D-4A5D-B49D-3EEDCB620F2F}"
EndProject
Project("{FAE04EC0-301F-11D3-BF4B-00C04F79EFBC}") = "Emby.Drawing.ImageMagick", "Emby.Drawing.ImageMagick\Emby.Drawing.ImageMagick.csproj", "{4BD73B55-0947-4E56-AC3D-D0C202AC4B62}"
EndProject
Project("{FAE04EC0-301F-11D3-BF4B-00C04F79EFBC}") = "Emby.Photos", "Emby.Photos\Emby.Photos.csproj", "{10EA3F97-31FF-4DD3-BFEA-C7FA97CAEF7B}"
EndProject
Project("{FAE04EC0-301F-11D3-BF4B-00C04F79EFBC}") = "MediaBrowser.Api", "MediaBrowser.Api\MediaBrowser.Api.csproj", "{7DAD468F-EE43-4DBD-BE00-AC68EE2C5D2F}"
EndProject
Project("{FAE04EC0-301F-11D3-BF4B-00C04F79EFBC}") = "MediaBrowser.LocalMetadata", "MediaBrowser.LocalMetadata\MediaBrowser.LocalMetadata.csproj", "{45143922-1B13-413C-ADA0-0C9CD96E7FA3}"
EndProject
Project("{FAE04EC0-301F-11D3-BF4B-00C04F79EFBC}") = "MediaBrowser.Providers", "MediaBrowser.Providers\MediaBrowser.Providers.csproj", "{9C1278EB-93EC-4984-8033-AA55930126B3}"
EndProject
Project("{FAE04EC0-301F-11D3-BF4B-00C04F79EFBC}") = "MediaBrowser.Server.Implementations", "MediaBrowser.Server.Implementations\MediaBrowser.Server.Implementations.csproj", "{B3B863EB-5ED4-496C-8F5F-847117FE6EE1}"
EndProject
Project("{FAE04EC0-301F-11D3-BF4B-00C04F79EFBC}") = "MediaBrowser.WebDashboard", "MediaBrowser.WebDashboard\MediaBrowser.WebDashboard.csproj", "{2011A4C0-8167-43B6-B1C2-8AC6B825BD01}"
EndProject
Project("{FAE04EC0-301F-11D3-BF4B-00C04F79EFBC}") = "MediaBrowser.XbmcMetadata", "MediaBrowser.XbmcMetadata\MediaBrowser.XbmcMetadata.csproj", "{CBB33EC3-3E3C-487D-8E28-B777D65FFE7E}"
EndProject
Project("{FAE04EC0-301F-11D3-BF4B-00C04F79EFBC}") = "Mono.Nat", "Mono.Nat\Mono.Nat.csproj", "{D8A57D8D-F45B-4E67-8E54-ACBBD9A02CD3}"
EndProject
Project("{FAE04EC0-301F-11D3-BF4B-00C04F79EFBC}") = "SocketHttpListener.Portable", "SocketHttpListener.Portable\SocketHttpListener.Portable.csproj", "{489381E1-5585-458C-88C5-FF1E46AA43AB}"
EndProject
Project("{FAE04EC0-301F-11D3-BF4B-00C04F79EFBC}") = "MediaBrowser.Naming", "MediaBrowser.Naming\MediaBrowser.Naming.csproj", "{286B1AB1-CADA-407D-9FDF-546CD6C11C2A}"
EndProject
Project("{FAE04EC0-301F-11D3-BF4B-00C04F79EFBC}") = "MediaBrowser.Naming.Tests", "MediaBrowser.Naming.Tests\MediaBrowser.Naming.Tests.csproj", "{9BA04CBC-0D15-4FA9-BB94-A6CE33236B16}"
EndProject
Project("{FAE04EC0-301F-11D3-BF4B-00C04F79EFBC}") = "Emby.XmlTv", "Emby.XmlTv\Emby.XmlTv.csproj", "{7EF8D7AB-B806-41F8-AB39-0F6B45310C48}"
EndProject
Project("{FAE04EC0-301F-11D3-BF4B-00C04F79EFBC}") = "Emby.XmlTv.Test", "Emby.XmlTv.Test\Emby.XmlTv.Test.csproj", "{9822EE13-6E7C-498A-8DB2-87270C529B1F}"
EndProject
Project("{FAE04EC0-301F-11D3-BF4B-00C04F79EFBC}") = "Emby.XmlTv.Console", "Emby.XmlTv.Console\Emby.XmlTv.Console.csproj", "{54AABB32-A4A2-4D70-A340-1855B5895DE0}"
EndProject
Project("{FAE04EC0-301F-11D3-BF4B-00C04F79EFBC}") = "UniversalDetector", "UniversalDetector\UniversalDetector.csproj", "{C470A541-EB4D-4E78-9C1A-ADCB70CE5750}"
EndProject
Project("{FAE04EC0-301F-11D3-BF4B-00C04F79EFBC}") = "UniversalDetector.Tests", "UniversalDetector.Tests\UniversalDetector.Tests.csproj", "{6BD088F3-1FBD-431E-8E15-16B2D69024E7}"
EndProject
Project("{FAE04EC0-301F-11D3-BF4B-00C04F79EFBC}") = "Emby.Server", "Emby.Server\Emby.Server.csproj", "{C16F8D3A-FEE0-4F4F-AF96-92452D127330}"
EndProject
Project("{FAE04EC0-301F-11D3-BF4B-00C04F79EFBC}") = "Emby.Server.Core", "Emby.Server.Core\Emby.Server.Core.csproj", "{902637D7-A73D-463E-9B5E-710CE44C0841}"
EndProject
Project("{FAE04EC0-301F-11D3-BF4B-00C04F79EFBC}") = "Emby.Server.Implementations", "Emby.Server.Implementations\Emby.Server.Implementations.csproj", "{A1C4C56E-B8FF-4A2D-ACD0-804528E4150F}"
EndProject
Project("{FAE04EC0-301F-11D3-BF4B-00C04F79EFBC}") = "OpenSubtitlesHandler", "OpenSubtitlesHandler\OpenSubtitlesHandler.csproj", "{478CFBF3-DDC0-4587-A6DB-A3BAB6B021BC}"
EndProject
Project("{FAE04EC0-301F-11D3-BF4B-00C04F79EFBC}") = "MediaBrowser.MediaEncoding", "MediaBrowser.MediaEncoding\MediaBrowser.MediaEncoding.csproj", "{4497BC9C-F922-4233-97A3-83F9A9C869F3}"
EndProject
Project("{FAE04EC0-301F-11D3-BF4B-00C04F79EFBC}") = "MediaBrowser.Tests", "MediaBrowser.Tests\MediaBrowser.Tests.csproj", "{7D518CF6-2BF9-40B8-9753-F040EF156AEF}"
EndProject
Global
	GlobalSection(SolutionConfigurationPlatforms) = preSolution
		Debug|Any CPU = Debug|Any CPU
		Debug|x64 = Debug|x64
		Debug|x86 = Debug|x86
		Release|Any CPU = Release|Any CPU
		Release|x64 = Release|x64
		Release|x86 = Release|x86
	EndGlobalSection
	GlobalSection(SolutionProperties) = preSolution
		HideSolutionNode = FALSE
	EndGlobalSection
	GlobalSection(ProjectConfigurationPlatforms) = postSolution
		{1BB5DC31-0BDB-434C-9753-53530ED83C6F}.Debug|Any CPU.ActiveCfg = Debug|Any CPU
		{1BB5DC31-0BDB-434C-9753-53530ED83C6F}.Debug|Any CPU.Build.0 = Debug|Any CPU
		{1BB5DC31-0BDB-434C-9753-53530ED83C6F}.Debug|x64.ActiveCfg = Debug|Any CPU
		{1BB5DC31-0BDB-434C-9753-53530ED83C6F}.Debug|x64.Build.0 = Debug|Any CPU
		{1BB5DC31-0BDB-434C-9753-53530ED83C6F}.Debug|x86.ActiveCfg = Debug|Any CPU
		{1BB5DC31-0BDB-434C-9753-53530ED83C6F}.Debug|x86.Build.0 = Debug|Any CPU
		{1BB5DC31-0BDB-434C-9753-53530ED83C6F}.Release|Any CPU.ActiveCfg = Release|Any CPU
		{1BB5DC31-0BDB-434C-9753-53530ED83C6F}.Release|Any CPU.Build.0 = Release|Any CPU
		{1BB5DC31-0BDB-434C-9753-53530ED83C6F}.Release|x64.ActiveCfg = Release|Any CPU
		{1BB5DC31-0BDB-434C-9753-53530ED83C6F}.Release|x64.Build.0 = Release|Any CPU
		{1BB5DC31-0BDB-434C-9753-53530ED83C6F}.Release|x86.ActiveCfg = Release|Any CPU
		{1BB5DC31-0BDB-434C-9753-53530ED83C6F}.Release|x86.Build.0 = Release|Any CPU
		{166997F9-0950-417B-B7CA-241B004C2627}.Debug|Any CPU.ActiveCfg = Debug|Any CPU
		{166997F9-0950-417B-B7CA-241B004C2627}.Debug|Any CPU.Build.0 = Debug|Any CPU
		{166997F9-0950-417B-B7CA-241B004C2627}.Debug|x64.ActiveCfg = Debug|Any CPU
		{166997F9-0950-417B-B7CA-241B004C2627}.Debug|x64.Build.0 = Debug|Any CPU
		{166997F9-0950-417B-B7CA-241B004C2627}.Debug|x86.ActiveCfg = Debug|Any CPU
		{166997F9-0950-417B-B7CA-241B004C2627}.Debug|x86.Build.0 = Debug|Any CPU
		{166997F9-0950-417B-B7CA-241B004C2627}.Release|Any CPU.ActiveCfg = Release|Any CPU
		{166997F9-0950-417B-B7CA-241B004C2627}.Release|Any CPU.Build.0 = Release|Any CPU
		{166997F9-0950-417B-B7CA-241B004C2627}.Release|x64.ActiveCfg = Release|Any CPU
		{166997F9-0950-417B-B7CA-241B004C2627}.Release|x64.Build.0 = Release|Any CPU
		{166997F9-0950-417B-B7CA-241B004C2627}.Release|x86.ActiveCfg = Release|Any CPU
		{166997F9-0950-417B-B7CA-241B004C2627}.Release|x86.Build.0 = Release|Any CPU
		{B6EC9E10-F9B8-4212-BC26-18D5AC0CF86E}.Debug|Any CPU.ActiveCfg = Debug|Any CPU
		{B6EC9E10-F9B8-4212-BC26-18D5AC0CF86E}.Debug|Any CPU.Build.0 = Debug|Any CPU
		{B6EC9E10-F9B8-4212-BC26-18D5AC0CF86E}.Debug|x64.ActiveCfg = Debug|Any CPU
		{B6EC9E10-F9B8-4212-BC26-18D5AC0CF86E}.Debug|x64.Build.0 = Debug|Any CPU
		{B6EC9E10-F9B8-4212-BC26-18D5AC0CF86E}.Debug|x86.ActiveCfg = Debug|Any CPU
		{B6EC9E10-F9B8-4212-BC26-18D5AC0CF86E}.Debug|x86.Build.0 = Debug|Any CPU
		{B6EC9E10-F9B8-4212-BC26-18D5AC0CF86E}.Release|Any CPU.ActiveCfg = Release|Any CPU
		{B6EC9E10-F9B8-4212-BC26-18D5AC0CF86E}.Release|Any CPU.Build.0 = Release|Any CPU
		{B6EC9E10-F9B8-4212-BC26-18D5AC0CF86E}.Release|x64.ActiveCfg = Release|Any CPU
		{B6EC9E10-F9B8-4212-BC26-18D5AC0CF86E}.Release|x64.Build.0 = Release|Any CPU
		{B6EC9E10-F9B8-4212-BC26-18D5AC0CF86E}.Release|x86.ActiveCfg = Release|Any CPU
		{B6EC9E10-F9B8-4212-BC26-18D5AC0CF86E}.Release|x86.Build.0 = Release|Any CPU
		{CC977CAB-FAF1-48A5-B978-95CD8CD353A3}.Debug|Any CPU.ActiveCfg = Debug|Any CPU
		{CC977CAB-FAF1-48A5-B978-95CD8CD353A3}.Debug|Any CPU.Build.0 = Debug|Any CPU
		{CC977CAB-FAF1-48A5-B978-95CD8CD353A3}.Debug|x64.ActiveCfg = Debug|Any CPU
		{CC977CAB-FAF1-48A5-B978-95CD8CD353A3}.Debug|x64.Build.0 = Debug|Any CPU
		{CC977CAB-FAF1-48A5-B978-95CD8CD353A3}.Debug|x86.ActiveCfg = Debug|Any CPU
		{CC977CAB-FAF1-48A5-B978-95CD8CD353A3}.Debug|x86.Build.0 = Debug|Any CPU
		{CC977CAB-FAF1-48A5-B978-95CD8CD353A3}.Release|Any CPU.ActiveCfg = Release|Any CPU
		{CC977CAB-FAF1-48A5-B978-95CD8CD353A3}.Release|Any CPU.Build.0 = Release|Any CPU
		{CC977CAB-FAF1-48A5-B978-95CD8CD353A3}.Release|x64.ActiveCfg = Release|Any CPU
		{CC977CAB-FAF1-48A5-B978-95CD8CD353A3}.Release|x64.Build.0 = Release|Any CPU
		{CC977CAB-FAF1-48A5-B978-95CD8CD353A3}.Release|x86.ActiveCfg = Release|Any CPU
		{CC977CAB-FAF1-48A5-B978-95CD8CD353A3}.Release|x86.Build.0 = Release|Any CPU
		{0D4533CE-FD51-48E4-AC29-FE6DA3A694FE}.Debug|Any CPU.ActiveCfg = Debug|Any CPU
		{0D4533CE-FD51-48E4-AC29-FE6DA3A694FE}.Debug|Any CPU.Build.0 = Debug|Any CPU
		{0D4533CE-FD51-48E4-AC29-FE6DA3A694FE}.Debug|x64.ActiveCfg = Debug|Any CPU
		{0D4533CE-FD51-48E4-AC29-FE6DA3A694FE}.Debug|x64.Build.0 = Debug|Any CPU
		{0D4533CE-FD51-48E4-AC29-FE6DA3A694FE}.Debug|x86.ActiveCfg = Debug|Any CPU
		{0D4533CE-FD51-48E4-AC29-FE6DA3A694FE}.Debug|x86.Build.0 = Debug|Any CPU
		{0D4533CE-FD51-48E4-AC29-FE6DA3A694FE}.Release|Any CPU.ActiveCfg = Release|Any CPU
		{0D4533CE-FD51-48E4-AC29-FE6DA3A694FE}.Release|Any CPU.Build.0 = Release|Any CPU
		{0D4533CE-FD51-48E4-AC29-FE6DA3A694FE}.Release|x64.ActiveCfg = Release|Any CPU
		{0D4533CE-FD51-48E4-AC29-FE6DA3A694FE}.Release|x64.Build.0 = Release|Any CPU
		{0D4533CE-FD51-48E4-AC29-FE6DA3A694FE}.Release|x86.ActiveCfg = Release|Any CPU
		{0D4533CE-FD51-48E4-AC29-FE6DA3A694FE}.Release|x86.Build.0 = Release|Any CPU
		{12EA407C-32B0-4FD0-8B06-D42746EEF3D9}.Debug|Any CPU.ActiveCfg = Debug|Any CPU
		{12EA407C-32B0-4FD0-8B06-D42746EEF3D9}.Debug|Any CPU.Build.0 = Debug|Any CPU
		{12EA407C-32B0-4FD0-8B06-D42746EEF3D9}.Debug|x64.ActiveCfg = Debug|Any CPU
		{12EA407C-32B0-4FD0-8B06-D42746EEF3D9}.Debug|x64.Build.0 = Debug|Any CPU
		{12EA407C-32B0-4FD0-8B06-D42746EEF3D9}.Debug|x86.ActiveCfg = Debug|Any CPU
		{12EA407C-32B0-4FD0-8B06-D42746EEF3D9}.Debug|x86.Build.0 = Debug|Any CPU
		{12EA407C-32B0-4FD0-8B06-D42746EEF3D9}.Release|Any CPU.ActiveCfg = Release|Any CPU
		{12EA407C-32B0-4FD0-8B06-D42746EEF3D9}.Release|Any CPU.Build.0 = Release|Any CPU
		{12EA407C-32B0-4FD0-8B06-D42746EEF3D9}.Release|x64.ActiveCfg = Release|Any CPU
		{12EA407C-32B0-4FD0-8B06-D42746EEF3D9}.Release|x64.Build.0 = Release|Any CPU
		{12EA407C-32B0-4FD0-8B06-D42746EEF3D9}.Release|x86.ActiveCfg = Release|Any CPU
		{12EA407C-32B0-4FD0-8B06-D42746EEF3D9}.Release|x86.Build.0 = Release|Any CPU
		{B0CC1330-F975-453D-89AF-A977954C94C8}.Debug|Any CPU.ActiveCfg = Debug|Any CPU
		{B0CC1330-F975-453D-89AF-A977954C94C8}.Debug|Any CPU.Build.0 = Debug|Any CPU
		{B0CC1330-F975-453D-89AF-A977954C94C8}.Debug|x64.ActiveCfg = Debug|Any CPU
		{B0CC1330-F975-453D-89AF-A977954C94C8}.Debug|x64.Build.0 = Debug|Any CPU
		{B0CC1330-F975-453D-89AF-A977954C94C8}.Debug|x86.ActiveCfg = Debug|Any CPU
		{B0CC1330-F975-453D-89AF-A977954C94C8}.Debug|x86.Build.0 = Debug|Any CPU
		{B0CC1330-F975-453D-89AF-A977954C94C8}.Release|Any CPU.ActiveCfg = Release|Any CPU
		{B0CC1330-F975-453D-89AF-A977954C94C8}.Release|Any CPU.Build.0 = Release|Any CPU
		{B0CC1330-F975-453D-89AF-A977954C94C8}.Release|x64.ActiveCfg = Release|Any CPU
		{B0CC1330-F975-453D-89AF-A977954C94C8}.Release|x64.Build.0 = Release|Any CPU
		{B0CC1330-F975-453D-89AF-A977954C94C8}.Release|x86.ActiveCfg = Release|Any CPU
		{B0CC1330-F975-453D-89AF-A977954C94C8}.Release|x86.Build.0 = Release|Any CPU
		{42EDC10F-C314-4BBA-85AF-A1B42BB8EEBA}.Debug|Any CPU.ActiveCfg = Debug|Any CPU
		{42EDC10F-C314-4BBA-85AF-A1B42BB8EEBA}.Debug|Any CPU.Build.0 = Debug|Any CPU
		{42EDC10F-C314-4BBA-85AF-A1B42BB8EEBA}.Debug|x64.ActiveCfg = Debug|Any CPU
		{42EDC10F-C314-4BBA-85AF-A1B42BB8EEBA}.Debug|x64.Build.0 = Debug|Any CPU
		{42EDC10F-C314-4BBA-85AF-A1B42BB8EEBA}.Debug|x86.ActiveCfg = Debug|Any CPU
		{42EDC10F-C314-4BBA-85AF-A1B42BB8EEBA}.Debug|x86.Build.0 = Debug|Any CPU
		{42EDC10F-C314-4BBA-85AF-A1B42BB8EEBA}.Release|Any CPU.ActiveCfg = Release|Any CPU
		{42EDC10F-C314-4BBA-85AF-A1B42BB8EEBA}.Release|Any CPU.Build.0 = Release|Any CPU
		{42EDC10F-C314-4BBA-85AF-A1B42BB8EEBA}.Release|x64.ActiveCfg = Release|Any CPU
		{42EDC10F-C314-4BBA-85AF-A1B42BB8EEBA}.Release|x64.Build.0 = Release|Any CPU
		{42EDC10F-C314-4BBA-85AF-A1B42BB8EEBA}.Release|x86.ActiveCfg = Release|Any CPU
		{42EDC10F-C314-4BBA-85AF-A1B42BB8EEBA}.Release|x86.Build.0 = Release|Any CPU
		{6189C21A-434D-4A5D-B49D-3EEDCB620F2F}.Debug|Any CPU.ActiveCfg = Debug|Any CPU
		{6189C21A-434D-4A5D-B49D-3EEDCB620F2F}.Debug|Any CPU.Build.0 = Debug|Any CPU
		{6189C21A-434D-4A5D-B49D-3EEDCB620F2F}.Debug|x64.ActiveCfg = Debug|Any CPU
		{6189C21A-434D-4A5D-B49D-3EEDCB620F2F}.Debug|x64.Build.0 = Debug|Any CPU
		{6189C21A-434D-4A5D-B49D-3EEDCB620F2F}.Debug|x86.ActiveCfg = Debug|Any CPU
		{6189C21A-434D-4A5D-B49D-3EEDCB620F2F}.Debug|x86.Build.0 = Debug|Any CPU
		{6189C21A-434D-4A5D-B49D-3EEDCB620F2F}.Release|Any CPU.ActiveCfg = Release|Any CPU
		{6189C21A-434D-4A5D-B49D-3EEDCB620F2F}.Release|Any CPU.Build.0 = Release|Any CPU
		{6189C21A-434D-4A5D-B49D-3EEDCB620F2F}.Release|x64.ActiveCfg = Release|Any CPU
		{6189C21A-434D-4A5D-B49D-3EEDCB620F2F}.Release|x64.Build.0 = Release|Any CPU
		{6189C21A-434D-4A5D-B49D-3EEDCB620F2F}.Release|x86.ActiveCfg = Release|Any CPU
		{6189C21A-434D-4A5D-B49D-3EEDCB620F2F}.Release|x86.Build.0 = Release|Any CPU
		{4BD73B55-0947-4E56-AC3D-D0C202AC4B62}.Debug|Any CPU.ActiveCfg = Debug|Any CPU
		{4BD73B55-0947-4E56-AC3D-D0C202AC4B62}.Debug|Any CPU.Build.0 = Debug|Any CPU
		{4BD73B55-0947-4E56-AC3D-D0C202AC4B62}.Debug|x64.ActiveCfg = Debug|Any CPU
		{4BD73B55-0947-4E56-AC3D-D0C202AC4B62}.Debug|x64.Build.0 = Debug|Any CPU
		{4BD73B55-0947-4E56-AC3D-D0C202AC4B62}.Debug|x86.ActiveCfg = Debug|Any CPU
		{4BD73B55-0947-4E56-AC3D-D0C202AC4B62}.Debug|x86.Build.0 = Debug|Any CPU
		{4BD73B55-0947-4E56-AC3D-D0C202AC4B62}.Release|Any CPU.ActiveCfg = Release|Any CPU
		{4BD73B55-0947-4E56-AC3D-D0C202AC4B62}.Release|Any CPU.Build.0 = Release|Any CPU
		{4BD73B55-0947-4E56-AC3D-D0C202AC4B62}.Release|x64.ActiveCfg = Release|Any CPU
		{4BD73B55-0947-4E56-AC3D-D0C202AC4B62}.Release|x64.Build.0 = Release|Any CPU
		{4BD73B55-0947-4E56-AC3D-D0C202AC4B62}.Release|x86.ActiveCfg = Release|Any CPU
		{4BD73B55-0947-4E56-AC3D-D0C202AC4B62}.Release|x86.Build.0 = Release|Any CPU
		{10EA3F97-31FF-4DD3-BFEA-C7FA97CAEF7B}.Debug|Any CPU.ActiveCfg = Debug|Any CPU
		{10EA3F97-31FF-4DD3-BFEA-C7FA97CAEF7B}.Debug|Any CPU.Build.0 = Debug|Any CPU
		{10EA3F97-31FF-4DD3-BFEA-C7FA97CAEF7B}.Debug|x64.ActiveCfg = Debug|Any CPU
		{10EA3F97-31FF-4DD3-BFEA-C7FA97CAEF7B}.Debug|x64.Build.0 = Debug|Any CPU
		{10EA3F97-31FF-4DD3-BFEA-C7FA97CAEF7B}.Debug|x86.ActiveCfg = Debug|Any CPU
		{10EA3F97-31FF-4DD3-BFEA-C7FA97CAEF7B}.Debug|x86.Build.0 = Debug|Any CPU
		{10EA3F97-31FF-4DD3-BFEA-C7FA97CAEF7B}.Release|Any CPU.ActiveCfg = Release|Any CPU
		{10EA3F97-31FF-4DD3-BFEA-C7FA97CAEF7B}.Release|Any CPU.Build.0 = Release|Any CPU
		{10EA3F97-31FF-4DD3-BFEA-C7FA97CAEF7B}.Release|x64.ActiveCfg = Release|Any CPU
		{10EA3F97-31FF-4DD3-BFEA-C7FA97CAEF7B}.Release|x64.Build.0 = Release|Any CPU
		{10EA3F97-31FF-4DD3-BFEA-C7FA97CAEF7B}.Release|x86.ActiveCfg = Release|Any CPU
		{10EA3F97-31FF-4DD3-BFEA-C7FA97CAEF7B}.Release|x86.Build.0 = Release|Any CPU
		{7DAD468F-EE43-4DBD-BE00-AC68EE2C5D2F}.Debug|Any CPU.ActiveCfg = Debug|Any CPU
		{7DAD468F-EE43-4DBD-BE00-AC68EE2C5D2F}.Debug|Any CPU.Build.0 = Debug|Any CPU
		{7DAD468F-EE43-4DBD-BE00-AC68EE2C5D2F}.Debug|x64.ActiveCfg = Debug|Any CPU
		{7DAD468F-EE43-4DBD-BE00-AC68EE2C5D2F}.Debug|x64.Build.0 = Debug|Any CPU
		{7DAD468F-EE43-4DBD-BE00-AC68EE2C5D2F}.Debug|x86.ActiveCfg = Debug|Any CPU
		{7DAD468F-EE43-4DBD-BE00-AC68EE2C5D2F}.Debug|x86.Build.0 = Debug|Any CPU
		{7DAD468F-EE43-4DBD-BE00-AC68EE2C5D2F}.Release|Any CPU.ActiveCfg = Release|Any CPU
		{7DAD468F-EE43-4DBD-BE00-AC68EE2C5D2F}.Release|Any CPU.Build.0 = Release|Any CPU
		{7DAD468F-EE43-4DBD-BE00-AC68EE2C5D2F}.Release|x64.ActiveCfg = Release|Any CPU
		{7DAD468F-EE43-4DBD-BE00-AC68EE2C5D2F}.Release|x64.Build.0 = Release|Any CPU
		{7DAD468F-EE43-4DBD-BE00-AC68EE2C5D2F}.Release|x86.ActiveCfg = Release|Any CPU
		{7DAD468F-EE43-4DBD-BE00-AC68EE2C5D2F}.Release|x86.Build.0 = Release|Any CPU
		{45143922-1B13-413C-ADA0-0C9CD96E7FA3}.Debug|Any CPU.ActiveCfg = Debug|Any CPU
		{45143922-1B13-413C-ADA0-0C9CD96E7FA3}.Debug|Any CPU.Build.0 = Debug|Any CPU
		{45143922-1B13-413C-ADA0-0C9CD96E7FA3}.Debug|x64.ActiveCfg = Debug|Any CPU
		{45143922-1B13-413C-ADA0-0C9CD96E7FA3}.Debug|x64.Build.0 = Debug|Any CPU
		{45143922-1B13-413C-ADA0-0C9CD96E7FA3}.Debug|x86.ActiveCfg = Debug|Any CPU
		{45143922-1B13-413C-ADA0-0C9CD96E7FA3}.Debug|x86.Build.0 = Debug|Any CPU
		{45143922-1B13-413C-ADA0-0C9CD96E7FA3}.Release|Any CPU.ActiveCfg = Release|Any CPU
		{45143922-1B13-413C-ADA0-0C9CD96E7FA3}.Release|Any CPU.Build.0 = Release|Any CPU
		{45143922-1B13-413C-ADA0-0C9CD96E7FA3}.Release|x64.ActiveCfg = Release|Any CPU
		{45143922-1B13-413C-ADA0-0C9CD96E7FA3}.Release|x64.Build.0 = Release|Any CPU
		{45143922-1B13-413C-ADA0-0C9CD96E7FA3}.Release|x86.ActiveCfg = Release|Any CPU
		{45143922-1B13-413C-ADA0-0C9CD96E7FA3}.Release|x86.Build.0 = Release|Any CPU
		{9C1278EB-93EC-4984-8033-AA55930126B3}.Debug|Any CPU.ActiveCfg = Debug|Any CPU
		{9C1278EB-93EC-4984-8033-AA55930126B3}.Debug|Any CPU.Build.0 = Debug|Any CPU
		{9C1278EB-93EC-4984-8033-AA55930126B3}.Debug|x64.ActiveCfg = Debug|Any CPU
		{9C1278EB-93EC-4984-8033-AA55930126B3}.Debug|x64.Build.0 = Debug|Any CPU
		{9C1278EB-93EC-4984-8033-AA55930126B3}.Debug|x86.ActiveCfg = Debug|Any CPU
		{9C1278EB-93EC-4984-8033-AA55930126B3}.Debug|x86.Build.0 = Debug|Any CPU
		{9C1278EB-93EC-4984-8033-AA55930126B3}.Release|Any CPU.ActiveCfg = Release|Any CPU
		{9C1278EB-93EC-4984-8033-AA55930126B3}.Release|Any CPU.Build.0 = Release|Any CPU
		{9C1278EB-93EC-4984-8033-AA55930126B3}.Release|x64.ActiveCfg = Release|Any CPU
		{9C1278EB-93EC-4984-8033-AA55930126B3}.Release|x64.Build.0 = Release|Any CPU
		{9C1278EB-93EC-4984-8033-AA55930126B3}.Release|x86.ActiveCfg = Release|Any CPU
		{9C1278EB-93EC-4984-8033-AA55930126B3}.Release|x86.Build.0 = Release|Any CPU
		{B3B863EB-5ED4-496C-8F5F-847117FE6EE1}.Debug|Any CPU.ActiveCfg = Debug|Any CPU
		{B3B863EB-5ED4-496C-8F5F-847117FE6EE1}.Debug|Any CPU.Build.0 = Debug|Any CPU
		{B3B863EB-5ED4-496C-8F5F-847117FE6EE1}.Debug|x64.ActiveCfg = Debug|Any CPU
		{B3B863EB-5ED4-496C-8F5F-847117FE6EE1}.Debug|x64.Build.0 = Debug|Any CPU
		{B3B863EB-5ED4-496C-8F5F-847117FE6EE1}.Debug|x86.ActiveCfg = Debug|Any CPU
		{B3B863EB-5ED4-496C-8F5F-847117FE6EE1}.Debug|x86.Build.0 = Debug|Any CPU
		{B3B863EB-5ED4-496C-8F5F-847117FE6EE1}.Release|Any CPU.ActiveCfg = Release|Any CPU
		{B3B863EB-5ED4-496C-8F5F-847117FE6EE1}.Release|Any CPU.Build.0 = Release|Any CPU
		{B3B863EB-5ED4-496C-8F5F-847117FE6EE1}.Release|x64.ActiveCfg = Release|Any CPU
		{B3B863EB-5ED4-496C-8F5F-847117FE6EE1}.Release|x64.Build.0 = Release|Any CPU
		{B3B863EB-5ED4-496C-8F5F-847117FE6EE1}.Release|x86.ActiveCfg = Release|Any CPU
		{B3B863EB-5ED4-496C-8F5F-847117FE6EE1}.Release|x86.Build.0 = Release|Any CPU
		{2011A4C0-8167-43B6-B1C2-8AC6B825BD01}.Debug|Any CPU.ActiveCfg = Debug|Any CPU
		{2011A4C0-8167-43B6-B1C2-8AC6B825BD01}.Debug|Any CPU.Build.0 = Debug|Any CPU
		{2011A4C0-8167-43B6-B1C2-8AC6B825BD01}.Debug|x64.ActiveCfg = Debug|Any CPU
		{2011A4C0-8167-43B6-B1C2-8AC6B825BD01}.Debug|x64.Build.0 = Debug|Any CPU
		{2011A4C0-8167-43B6-B1C2-8AC6B825BD01}.Debug|x86.ActiveCfg = Debug|Any CPU
		{2011A4C0-8167-43B6-B1C2-8AC6B825BD01}.Debug|x86.Build.0 = Debug|Any CPU
		{2011A4C0-8167-43B6-B1C2-8AC6B825BD01}.Release|Any CPU.ActiveCfg = Release|Any CPU
		{2011A4C0-8167-43B6-B1C2-8AC6B825BD01}.Release|Any CPU.Build.0 = Release|Any CPU
		{2011A4C0-8167-43B6-B1C2-8AC6B825BD01}.Release|x64.ActiveCfg = Release|Any CPU
		{2011A4C0-8167-43B6-B1C2-8AC6B825BD01}.Release|x64.Build.0 = Release|Any CPU
		{2011A4C0-8167-43B6-B1C2-8AC6B825BD01}.Release|x86.ActiveCfg = Release|Any CPU
		{2011A4C0-8167-43B6-B1C2-8AC6B825BD01}.Release|x86.Build.0 = Release|Any CPU
		{CBB33EC3-3E3C-487D-8E28-B777D65FFE7E}.Debug|Any CPU.ActiveCfg = Debug|Any CPU
		{CBB33EC3-3E3C-487D-8E28-B777D65FFE7E}.Debug|Any CPU.Build.0 = Debug|Any CPU
		{CBB33EC3-3E3C-487D-8E28-B777D65FFE7E}.Debug|x64.ActiveCfg = Debug|Any CPU
		{CBB33EC3-3E3C-487D-8E28-B777D65FFE7E}.Debug|x64.Build.0 = Debug|Any CPU
		{CBB33EC3-3E3C-487D-8E28-B777D65FFE7E}.Debug|x86.ActiveCfg = Debug|Any CPU
		{CBB33EC3-3E3C-487D-8E28-B777D65FFE7E}.Debug|x86.Build.0 = Debug|Any CPU
		{CBB33EC3-3E3C-487D-8E28-B777D65FFE7E}.Release|Any CPU.ActiveCfg = Release|Any CPU
		{CBB33EC3-3E3C-487D-8E28-B777D65FFE7E}.Release|Any CPU.Build.0 = Release|Any CPU
		{CBB33EC3-3E3C-487D-8E28-B777D65FFE7E}.Release|x64.ActiveCfg = Release|Any CPU
		{CBB33EC3-3E3C-487D-8E28-B777D65FFE7E}.Release|x64.Build.0 = Release|Any CPU
		{CBB33EC3-3E3C-487D-8E28-B777D65FFE7E}.Release|x86.ActiveCfg = Release|Any CPU
		{CBB33EC3-3E3C-487D-8E28-B777D65FFE7E}.Release|x86.Build.0 = Release|Any CPU
		{D8A57D8D-F45B-4E67-8E54-ACBBD9A02CD3}.Debug|Any CPU.ActiveCfg = Debug|Any CPU
		{D8A57D8D-F45B-4E67-8E54-ACBBD9A02CD3}.Debug|Any CPU.Build.0 = Debug|Any CPU
		{D8A57D8D-F45B-4E67-8E54-ACBBD9A02CD3}.Debug|x64.ActiveCfg = Debug|Any CPU
		{D8A57D8D-F45B-4E67-8E54-ACBBD9A02CD3}.Debug|x64.Build.0 = Debug|Any CPU
		{D8A57D8D-F45B-4E67-8E54-ACBBD9A02CD3}.Debug|x86.ActiveCfg = Debug|Any CPU
		{D8A57D8D-F45B-4E67-8E54-ACBBD9A02CD3}.Debug|x86.Build.0 = Debug|Any CPU
		{D8A57D8D-F45B-4E67-8E54-ACBBD9A02CD3}.Release|Any CPU.ActiveCfg = Release|Any CPU
		{D8A57D8D-F45B-4E67-8E54-ACBBD9A02CD3}.Release|Any CPU.Build.0 = Release|Any CPU
		{D8A57D8D-F45B-4E67-8E54-ACBBD9A02CD3}.Release|x64.ActiveCfg = Release|Any CPU
		{D8A57D8D-F45B-4E67-8E54-ACBBD9A02CD3}.Release|x64.Build.0 = Release|Any CPU
		{D8A57D8D-F45B-4E67-8E54-ACBBD9A02CD3}.Release|x86.ActiveCfg = Release|Any CPU
		{D8A57D8D-F45B-4E67-8E54-ACBBD9A02CD3}.Release|x86.Build.0 = Release|Any CPU
		{489381E1-5585-458C-88C5-FF1E46AA43AB}.Debug|Any CPU.ActiveCfg = Debug|Any CPU
		{489381E1-5585-458C-88C5-FF1E46AA43AB}.Debug|Any CPU.Build.0 = Debug|Any CPU
		{489381E1-5585-458C-88C5-FF1E46AA43AB}.Debug|x64.ActiveCfg = Debug|Any CPU
		{489381E1-5585-458C-88C5-FF1E46AA43AB}.Debug|x64.Build.0 = Debug|Any CPU
		{489381E1-5585-458C-88C5-FF1E46AA43AB}.Debug|x86.ActiveCfg = Debug|Any CPU
		{489381E1-5585-458C-88C5-FF1E46AA43AB}.Debug|x86.Build.0 = Debug|Any CPU
		{489381E1-5585-458C-88C5-FF1E46AA43AB}.Release|Any CPU.ActiveCfg = Release|Any CPU
		{489381E1-5585-458C-88C5-FF1E46AA43AB}.Release|Any CPU.Build.0 = Release|Any CPU
		{489381E1-5585-458C-88C5-FF1E46AA43AB}.Release|x64.ActiveCfg = Release|Any CPU
		{489381E1-5585-458C-88C5-FF1E46AA43AB}.Release|x64.Build.0 = Release|Any CPU
		{489381E1-5585-458C-88C5-FF1E46AA43AB}.Release|x86.ActiveCfg = Release|Any CPU
		{489381E1-5585-458C-88C5-FF1E46AA43AB}.Release|x86.Build.0 = Release|Any CPU
		{286B1AB1-CADA-407D-9FDF-546CD6C11C2A}.Debug|Any CPU.ActiveCfg = Debug|Any CPU
		{286B1AB1-CADA-407D-9FDF-546CD6C11C2A}.Debug|Any CPU.Build.0 = Debug|Any CPU
		{286B1AB1-CADA-407D-9FDF-546CD6C11C2A}.Debug|x64.ActiveCfg = Debug|Any CPU
		{286B1AB1-CADA-407D-9FDF-546CD6C11C2A}.Debug|x64.Build.0 = Debug|Any CPU
		{286B1AB1-CADA-407D-9FDF-546CD6C11C2A}.Debug|x86.ActiveCfg = Debug|Any CPU
		{286B1AB1-CADA-407D-9FDF-546CD6C11C2A}.Debug|x86.Build.0 = Debug|Any CPU
		{286B1AB1-CADA-407D-9FDF-546CD6C11C2A}.Release|Any CPU.ActiveCfg = Release|Any CPU
		{286B1AB1-CADA-407D-9FDF-546CD6C11C2A}.Release|Any CPU.Build.0 = Release|Any CPU
		{286B1AB1-CADA-407D-9FDF-546CD6C11C2A}.Release|x64.ActiveCfg = Release|Any CPU
		{286B1AB1-CADA-407D-9FDF-546CD6C11C2A}.Release|x64.Build.0 = Release|Any CPU
		{286B1AB1-CADA-407D-9FDF-546CD6C11C2A}.Release|x86.ActiveCfg = Release|Any CPU
		{286B1AB1-CADA-407D-9FDF-546CD6C11C2A}.Release|x86.Build.0 = Release|Any CPU
		{9BA04CBC-0D15-4FA9-BB94-A6CE33236B16}.Debug|Any CPU.ActiveCfg = Debug|Any CPU
		{9BA04CBC-0D15-4FA9-BB94-A6CE33236B16}.Debug|Any CPU.Build.0 = Debug|Any CPU
		{9BA04CBC-0D15-4FA9-BB94-A6CE33236B16}.Debug|x64.ActiveCfg = Debug|Any CPU
		{9BA04CBC-0D15-4FA9-BB94-A6CE33236B16}.Debug|x64.Build.0 = Debug|Any CPU
		{9BA04CBC-0D15-4FA9-BB94-A6CE33236B16}.Debug|x86.ActiveCfg = Debug|Any CPU
		{9BA04CBC-0D15-4FA9-BB94-A6CE33236B16}.Debug|x86.Build.0 = Debug|Any CPU
		{9BA04CBC-0D15-4FA9-BB94-A6CE33236B16}.Release|Any CPU.ActiveCfg = Release|Any CPU
		{9BA04CBC-0D15-4FA9-BB94-A6CE33236B16}.Release|Any CPU.Build.0 = Release|Any CPU
		{9BA04CBC-0D15-4FA9-BB94-A6CE33236B16}.Release|x64.ActiveCfg = Release|Any CPU
		{9BA04CBC-0D15-4FA9-BB94-A6CE33236B16}.Release|x64.Build.0 = Release|Any CPU
		{9BA04CBC-0D15-4FA9-BB94-A6CE33236B16}.Release|x86.ActiveCfg = Release|Any CPU
		{9BA04CBC-0D15-4FA9-BB94-A6CE33236B16}.Release|x86.Build.0 = Release|Any CPU
		{7EF8D7AB-B806-41F8-AB39-0F6B45310C48}.Debug|Any CPU.ActiveCfg = Debug|Any CPU
		{7EF8D7AB-B806-41F8-AB39-0F6B45310C48}.Debug|Any CPU.Build.0 = Debug|Any CPU
		{7EF8D7AB-B806-41F8-AB39-0F6B45310C48}.Debug|x64.ActiveCfg = Debug|Any CPU
		{7EF8D7AB-B806-41F8-AB39-0F6B45310C48}.Debug|x64.Build.0 = Debug|Any CPU
		{7EF8D7AB-B806-41F8-AB39-0F6B45310C48}.Debug|x86.ActiveCfg = Debug|Any CPU
		{7EF8D7AB-B806-41F8-AB39-0F6B45310C48}.Debug|x86.Build.0 = Debug|Any CPU
		{7EF8D7AB-B806-41F8-AB39-0F6B45310C48}.Release|Any CPU.ActiveCfg = Release|Any CPU
		{7EF8D7AB-B806-41F8-AB39-0F6B45310C48}.Release|Any CPU.Build.0 = Release|Any CPU
		{7EF8D7AB-B806-41F8-AB39-0F6B45310C48}.Release|x64.ActiveCfg = Release|Any CPU
		{7EF8D7AB-B806-41F8-AB39-0F6B45310C48}.Release|x64.Build.0 = Release|Any CPU
		{7EF8D7AB-B806-41F8-AB39-0F6B45310C48}.Release|x86.ActiveCfg = Release|Any CPU
		{7EF8D7AB-B806-41F8-AB39-0F6B45310C48}.Release|x86.Build.0 = Release|Any CPU
		{9822EE13-6E7C-498A-8DB2-87270C529B1F}.Debug|Any CPU.ActiveCfg = Debug|Any CPU
		{9822EE13-6E7C-498A-8DB2-87270C529B1F}.Debug|Any CPU.Build.0 = Debug|Any CPU
		{9822EE13-6E7C-498A-8DB2-87270C529B1F}.Debug|x64.ActiveCfg = Debug|Any CPU
		{9822EE13-6E7C-498A-8DB2-87270C529B1F}.Debug|x64.Build.0 = Debug|Any CPU
		{9822EE13-6E7C-498A-8DB2-87270C529B1F}.Debug|x86.ActiveCfg = Debug|Any CPU
		{9822EE13-6E7C-498A-8DB2-87270C529B1F}.Debug|x86.Build.0 = Debug|Any CPU
		{9822EE13-6E7C-498A-8DB2-87270C529B1F}.Release|Any CPU.ActiveCfg = Release|Any CPU
		{9822EE13-6E7C-498A-8DB2-87270C529B1F}.Release|Any CPU.Build.0 = Release|Any CPU
		{9822EE13-6E7C-498A-8DB2-87270C529B1F}.Release|x64.ActiveCfg = Release|Any CPU
		{9822EE13-6E7C-498A-8DB2-87270C529B1F}.Release|x64.Build.0 = Release|Any CPU
		{9822EE13-6E7C-498A-8DB2-87270C529B1F}.Release|x86.ActiveCfg = Release|Any CPU
		{9822EE13-6E7C-498A-8DB2-87270C529B1F}.Release|x86.Build.0 = Release|Any CPU
		{54AABB32-A4A2-4D70-A340-1855B5895DE0}.Debug|Any CPU.ActiveCfg = Debug|Any CPU
		{54AABB32-A4A2-4D70-A340-1855B5895DE0}.Debug|Any CPU.Build.0 = Debug|Any CPU
		{54AABB32-A4A2-4D70-A340-1855B5895DE0}.Debug|x64.ActiveCfg = Debug|Any CPU
		{54AABB32-A4A2-4D70-A340-1855B5895DE0}.Debug|x64.Build.0 = Debug|Any CPU
		{54AABB32-A4A2-4D70-A340-1855B5895DE0}.Debug|x86.ActiveCfg = Debug|Any CPU
		{54AABB32-A4A2-4D70-A340-1855B5895DE0}.Debug|x86.Build.0 = Debug|Any CPU
		{54AABB32-A4A2-4D70-A340-1855B5895DE0}.Release|Any CPU.ActiveCfg = Release|Any CPU
		{54AABB32-A4A2-4D70-A340-1855B5895DE0}.Release|Any CPU.Build.0 = Release|Any CPU
		{54AABB32-A4A2-4D70-A340-1855B5895DE0}.Release|x64.ActiveCfg = Release|Any CPU
		{54AABB32-A4A2-4D70-A340-1855B5895DE0}.Release|x64.Build.0 = Release|Any CPU
		{54AABB32-A4A2-4D70-A340-1855B5895DE0}.Release|x86.ActiveCfg = Release|Any CPU
		{54AABB32-A4A2-4D70-A340-1855B5895DE0}.Release|x86.Build.0 = Release|Any CPU
		{C470A541-EB4D-4E78-9C1A-ADCB70CE5750}.Debug|Any CPU.ActiveCfg = Debug|Any CPU
		{C470A541-EB4D-4E78-9C1A-ADCB70CE5750}.Debug|Any CPU.Build.0 = Debug|Any CPU
		{C470A541-EB4D-4E78-9C1A-ADCB70CE5750}.Debug|x64.ActiveCfg = Debug|Any CPU
		{C470A541-EB4D-4E78-9C1A-ADCB70CE5750}.Debug|x64.Build.0 = Debug|Any CPU
		{C470A541-EB4D-4E78-9C1A-ADCB70CE5750}.Debug|x86.ActiveCfg = Debug|Any CPU
		{C470A541-EB4D-4E78-9C1A-ADCB70CE5750}.Debug|x86.Build.0 = Debug|Any CPU
		{C470A541-EB4D-4E78-9C1A-ADCB70CE5750}.Release|Any CPU.ActiveCfg = Release|Any CPU
		{C470A541-EB4D-4E78-9C1A-ADCB70CE5750}.Release|Any CPU.Build.0 = Release|Any CPU
		{C470A541-EB4D-4E78-9C1A-ADCB70CE5750}.Release|x64.ActiveCfg = Release|Any CPU
		{C470A541-EB4D-4E78-9C1A-ADCB70CE5750}.Release|x64.Build.0 = Release|Any CPU
		{C470A541-EB4D-4E78-9C1A-ADCB70CE5750}.Release|x86.ActiveCfg = Release|Any CPU
		{C470A541-EB4D-4E78-9C1A-ADCB70CE5750}.Release|x86.Build.0 = Release|Any CPU
		{6BD088F3-1FBD-431E-8E15-16B2D69024E7}.Debug|Any CPU.ActiveCfg = Debug|Any CPU
		{6BD088F3-1FBD-431E-8E15-16B2D69024E7}.Debug|Any CPU.Build.0 = Debug|Any CPU
		{6BD088F3-1FBD-431E-8E15-16B2D69024E7}.Debug|x64.ActiveCfg = Debug|Any CPU
		{6BD088F3-1FBD-431E-8E15-16B2D69024E7}.Debug|x64.Build.0 = Debug|Any CPU
		{6BD088F3-1FBD-431E-8E15-16B2D69024E7}.Debug|x86.ActiveCfg = Debug|Any CPU
		{6BD088F3-1FBD-431E-8E15-16B2D69024E7}.Debug|x86.Build.0 = Debug|Any CPU
		{6BD088F3-1FBD-431E-8E15-16B2D69024E7}.Release|Any CPU.ActiveCfg = Release|Any CPU
		{6BD088F3-1FBD-431E-8E15-16B2D69024E7}.Release|Any CPU.Build.0 = Release|Any CPU
		{6BD088F3-1FBD-431E-8E15-16B2D69024E7}.Release|x64.ActiveCfg = Release|Any CPU
		{6BD088F3-1FBD-431E-8E15-16B2D69024E7}.Release|x64.Build.0 = Release|Any CPU
		{6BD088F3-1FBD-431E-8E15-16B2D69024E7}.Release|x86.ActiveCfg = Release|Any CPU
		{6BD088F3-1FBD-431E-8E15-16B2D69024E7}.Release|x86.Build.0 = Release|Any CPU
		{C16F8D3A-FEE0-4F4F-AF96-92452D127330}.Debug|Any CPU.ActiveCfg = Debug|Any CPU
		{C16F8D3A-FEE0-4F4F-AF96-92452D127330}.Debug|Any CPU.Build.0 = Debug|Any CPU
		{C16F8D3A-FEE0-4F4F-AF96-92452D127330}.Debug|x64.ActiveCfg = Debug|Any CPU
		{C16F8D3A-FEE0-4F4F-AF96-92452D127330}.Debug|x64.Build.0 = Debug|Any CPU
		{C16F8D3A-FEE0-4F4F-AF96-92452D127330}.Debug|x86.ActiveCfg = Debug|Any CPU
		{C16F8D3A-FEE0-4F4F-AF96-92452D127330}.Debug|x86.Build.0 = Debug|Any CPU
		{C16F8D3A-FEE0-4F4F-AF96-92452D127330}.Release|Any CPU.ActiveCfg = Release|Any CPU
		{C16F8D3A-FEE0-4F4F-AF96-92452D127330}.Release|Any CPU.Build.0 = Release|Any CPU
		{C16F8D3A-FEE0-4F4F-AF96-92452D127330}.Release|x64.ActiveCfg = Release|Any CPU
		{C16F8D3A-FEE0-4F4F-AF96-92452D127330}.Release|x64.Build.0 = Release|Any CPU
		{C16F8D3A-FEE0-4F4F-AF96-92452D127330}.Release|x86.ActiveCfg = Release|Any CPU
		{C16F8D3A-FEE0-4F4F-AF96-92452D127330}.Release|x86.Build.0 = Release|Any CPU
		{902637D7-A73D-463E-9B5E-710CE44C0841}.Debug|Any CPU.ActiveCfg = Debug|Any CPU
		{902637D7-A73D-463E-9B5E-710CE44C0841}.Debug|Any CPU.Build.0 = Debug|Any CPU
		{902637D7-A73D-463E-9B5E-710CE44C0841}.Debug|x64.ActiveCfg = Debug|Any CPU
		{902637D7-A73D-463E-9B5E-710CE44C0841}.Debug|x64.Build.0 = Debug|Any CPU
		{902637D7-A73D-463E-9B5E-710CE44C0841}.Debug|x86.ActiveCfg = Debug|Any CPU
		{902637D7-A73D-463E-9B5E-710CE44C0841}.Debug|x86.Build.0 = Debug|Any CPU
		{902637D7-A73D-463E-9B5E-710CE44C0841}.Release|Any CPU.ActiveCfg = Release|Any CPU
		{902637D7-A73D-463E-9B5E-710CE44C0841}.Release|Any CPU.Build.0 = Release|Any CPU
		{902637D7-A73D-463E-9B5E-710CE44C0841}.Release|x64.ActiveCfg = Release|Any CPU
		{902637D7-A73D-463E-9B5E-710CE44C0841}.Release|x64.Build.0 = Release|Any CPU
		{902637D7-A73D-463E-9B5E-710CE44C0841}.Release|x86.ActiveCfg = Release|Any CPU
		{902637D7-A73D-463E-9B5E-710CE44C0841}.Release|x86.Build.0 = Release|Any CPU
		{A1C4C56E-B8FF-4A2D-ACD0-804528E4150F}.Debug|Any CPU.ActiveCfg = Debug|Any CPU
		{A1C4C56E-B8FF-4A2D-ACD0-804528E4150F}.Debug|Any CPU.Build.0 = Debug|Any CPU
		{A1C4C56E-B8FF-4A2D-ACD0-804528E4150F}.Debug|x64.ActiveCfg = Debug|Any CPU
		{A1C4C56E-B8FF-4A2D-ACD0-804528E4150F}.Debug|x64.Build.0 = Debug|Any CPU
		{A1C4C56E-B8FF-4A2D-ACD0-804528E4150F}.Debug|x86.ActiveCfg = Debug|Any CPU
		{A1C4C56E-B8FF-4A2D-ACD0-804528E4150F}.Debug|x86.Build.0 = Debug|Any CPU
		{A1C4C56E-B8FF-4A2D-ACD0-804528E4150F}.Release|Any CPU.ActiveCfg = Release|Any CPU
		{A1C4C56E-B8FF-4A2D-ACD0-804528E4150F}.Release|Any CPU.Build.0 = Release|Any CPU
		{A1C4C56E-B8FF-4A2D-ACD0-804528E4150F}.Release|x64.ActiveCfg = Release|Any CPU
		{A1C4C56E-B8FF-4A2D-ACD0-804528E4150F}.Release|x64.Build.0 = Release|Any CPU
		{A1C4C56E-B8FF-4A2D-ACD0-804528E4150F}.Release|x86.ActiveCfg = Release|Any CPU
		{A1C4C56E-B8FF-4A2D-ACD0-804528E4150F}.Release|x86.Build.0 = Release|Any CPU
		{478CFBF3-DDC0-4587-A6DB-A3BAB6B021BC}.Debug|Any CPU.ActiveCfg = Debug|Any CPU
		{478CFBF3-DDC0-4587-A6DB-A3BAB6B021BC}.Debug|Any CPU.Build.0 = Debug|Any CPU
		{478CFBF3-DDC0-4587-A6DB-A3BAB6B021BC}.Debug|x64.ActiveCfg = Debug|Any CPU
		{478CFBF3-DDC0-4587-A6DB-A3BAB6B021BC}.Debug|x64.Build.0 = Debug|Any CPU
		{478CFBF3-DDC0-4587-A6DB-A3BAB6B021BC}.Debug|x86.ActiveCfg = Debug|Any CPU
		{478CFBF3-DDC0-4587-A6DB-A3BAB6B021BC}.Debug|x86.Build.0 = Debug|Any CPU
		{478CFBF3-DDC0-4587-A6DB-A3BAB6B021BC}.Release|Any CPU.ActiveCfg = Release|Any CPU
		{478CFBF3-DDC0-4587-A6DB-A3BAB6B021BC}.Release|Any CPU.Build.0 = Release|Any CPU
		{478CFBF3-DDC0-4587-A6DB-A3BAB6B021BC}.Release|x64.ActiveCfg = Release|Any CPU
		{478CFBF3-DDC0-4587-A6DB-A3BAB6B021BC}.Release|x64.Build.0 = Release|Any CPU
		{478CFBF3-DDC0-4587-A6DB-A3BAB6B021BC}.Release|x86.ActiveCfg = Release|Any CPU
		{478CFBF3-DDC0-4587-A6DB-A3BAB6B021BC}.Release|x86.Build.0 = Release|Any CPU
		{4497BC9C-F922-4233-97A3-83F9A9C869F3}.Debug|Any CPU.ActiveCfg = Debug|Any CPU
		{4497BC9C-F922-4233-97A3-83F9A9C869F3}.Debug|Any CPU.Build.0 = Debug|Any CPU
		{4497BC9C-F922-4233-97A3-83F9A9C869F3}.Debug|x64.ActiveCfg = Debug|Any CPU
		{4497BC9C-F922-4233-97A3-83F9A9C869F3}.Debug|x64.Build.0 = Debug|Any CPU
		{4497BC9C-F922-4233-97A3-83F9A9C869F3}.Debug|x86.ActiveCfg = Debug|Any CPU
		{4497BC9C-F922-4233-97A3-83F9A9C869F3}.Debug|x86.Build.0 = Debug|Any CPU
		{4497BC9C-F922-4233-97A3-83F9A9C869F3}.Release|Any CPU.ActiveCfg = Release|Any CPU
		{4497BC9C-F922-4233-97A3-83F9A9C869F3}.Release|Any CPU.Build.0 = Release|Any CPU
		{4497BC9C-F922-4233-97A3-83F9A9C869F3}.Release|x64.ActiveCfg = Release|Any CPU
		{4497BC9C-F922-4233-97A3-83F9A9C869F3}.Release|x64.Build.0 = Release|Any CPU
		{4497BC9C-F922-4233-97A3-83F9A9C869F3}.Release|x86.ActiveCfg = Release|Any CPU
		{4497BC9C-F922-4233-97A3-83F9A9C869F3}.Release|x86.Build.0 = Release|Any CPU
		{7D518CF6-2BF9-40B8-9753-F040EF156AEF}.Debug|Any CPU.ActiveCfg = Debug|Any CPU
		{7D518CF6-2BF9-40B8-9753-F040EF156AEF}.Debug|Any CPU.Build.0 = Debug|Any CPU
		{7D518CF6-2BF9-40B8-9753-F040EF156AEF}.Debug|x64.ActiveCfg = Debug|Any CPU
		{7D518CF6-2BF9-40B8-9753-F040EF156AEF}.Debug|x64.Build.0 = Debug|Any CPU
		{7D518CF6-2BF9-40B8-9753-F040EF156AEF}.Debug|x86.ActiveCfg = Debug|Any CPU
		{7D518CF6-2BF9-40B8-9753-F040EF156AEF}.Debug|x86.Build.0 = Debug|Any CPU
		{7D518CF6-2BF9-40B8-9753-F040EF156AEF}.Release|Any CPU.ActiveCfg = Release|Any CPU
		{7D518CF6-2BF9-40B8-9753-F040EF156AEF}.Release|Any CPU.Build.0 = Release|Any CPU
		{7D518CF6-2BF9-40B8-9753-F040EF156AEF}.Release|x64.ActiveCfg = Release|Any CPU
		{7D518CF6-2BF9-40B8-9753-F040EF156AEF}.Release|x64.Build.0 = Release|Any CPU
		{7D518CF6-2BF9-40B8-9753-F040EF156AEF}.Release|x86.ActiveCfg = Release|Any CPU
		{7D518CF6-2BF9-40B8-9753-F040EF156AEF}.Release|x86.Build.0 = Release|Any CPU
	EndGlobalSection
EndGlobal
